# THIS IS AN AUTOGENERATED FILE. DO NOT EDIT THIS FILE DIRECTLY.
# yarn lockfile v1


"@react-native-community/masked-view@^0.1.10":
  version "0.1.10"
  resolved "https://registry.yarnpkg.com/@react-native-community/masked-view/-/masked-view-0.1.10.tgz#5dda643e19e587793bc2034dd9bf7398ad43d401"
  integrity sha512-rk4sWFsmtOw8oyx8SD3KSvawwaK7gRBSEIy2TAwURyGt+3TizssXP1r8nx3zY+R7v2vYYHXZ+k2/GULAT/bcaQ==

react-native-popup-menu@^0.15.10:
  version "0.15.10"
  resolved "https://registry.yarnpkg.com/react-native-popup-menu/-/react-native-popup-menu-0.15.10.tgz#49f2a67c8d1ea329f44e56288eca4a5c04835828"
  integrity sha512-w7MaicsfpclK7g/omjMchNaXwhMi0apt/DC734AbHuJTWCfv5mF3JgL1UzRW19ncFMBRfQeYapPy/zUyJCGgEQ==
